
Microsoft Visual Studio Solution File, Format Version 11.00
# Visual Studio 2010
Project("{F2A71F9B-5D33-465A-A702-920D77279786}") = "frack", "src\core\frack.fsproj", "{06DBE12F-D4BE-40C4-86D8-81F0202DACC2}"
EndProject
Project("{2150E333-8FDC-42A3-9474-1A3956D46DE8}") = "Solution Items", "Solution Items", "{B8E01199-E214-4775-A731-6923932BE7B1}"
	ProjectSection(SolutionItems) = preProject
		build.bat = build.bat
		build.fsx = build.fsx
		LICENSE.txt = LICENSE.txt
		README.md = README.md
	EndProjectSection
EndProject
Project("{F2A71F9B-5D33-465A-A702-920D77279786}") = "Frack.AspNet", "src\Frack.AspNet\Frack.AspNet.fsproj", "{762480C7-F12D-475E-A4AC-47978D33FAF9}"
EndProject
Project("{F2A71F9B-5D33-465A-A702-920D77279786}") = "Frack.HttpListener", "src\Frack.HttpListener\Frack.HttpListener.fsproj", "{CF0856FD-3258-455A-A236-7025968BB639}"
EndProject
Project("{F2A71F9B-5D33-465A-A702-920D77279786}") = "Frack.Kayak", "src\Frack.Kayak\Frack.Kayak.fsproj", "{BF6E1D17-5502-467D-92A6-29E92F4BFA7E}"
EndProject
Global
	GlobalSection(SolutionConfigurationPlatforms) = preSolution
		Debug|Any CPU = Debug|Any CPU
		Debug|Mixed Platforms = Debug|Mixed Platforms
		Debug|x86 = Debug|x86
		Release|Any CPU = Release|Any CPU
		Release|Mixed Platforms = Release|Mixed Platforms
		Release|x86 = Release|x86
	EndGlobalSection
	GlobalSection(ProjectConfigurationPlatforms) = postSolution
		{06DBE12F-D4BE-40C4-86D8-81F0202DACC2}.Debug|Any CPU.ActiveCfg = Debug|Any CPU
		{06DBE12F-D4BE-40C4-86D8-81F0202DACC2}.Debug|Any CPU.Build.0 = Debug|Any CPU
		{06DBE12F-D4BE-40C4-86D8-81F0202DACC2}.Debug|Mixed Platforms.ActiveCfg = Debug|Any CPU
		{06DBE12F-D4BE-40C4-86D8-81F0202DACC2}.Debug|Mixed Platforms.Build.0 = Debug|Any CPU
		{06DBE12F-D4BE-40C4-86D8-81F0202DACC2}.Debug|x86.ActiveCfg = Debug|Any CPU
		{06DBE12F-D4BE-40C4-86D8-81F0202DACC2}.Release|Any CPU.ActiveCfg = Release|Any CPU
		{06DBE12F-D4BE-40C4-86D8-81F0202DACC2}.Release|Any CPU.Build.0 = Release|Any CPU
		{06DBE12F-D4BE-40C4-86D8-81F0202DACC2}.Release|Mixed Platforms.ActiveCfg = Release|Any CPU
		{06DBE12F-D4BE-40C4-86D8-81F0202DACC2}.Release|Mixed Platforms.Build.0 = Release|Any CPU
		{06DBE12F-D4BE-40C4-86D8-81F0202DACC2}.Release|x86.ActiveCfg = Release|Any CPU
		{762480C7-F12D-475E-A4AC-47978D33FAF9}.Debug|Any CPU.ActiveCfg = Debug|Any CPU
		{762480C7-F12D-475E-A4AC-47978D33FAF9}.Debug|Any CPU.Build.0 = Debug|Any CPU
		{762480C7-F12D-475E-A4AC-47978D33FAF9}.Debug|Mixed Platforms.ActiveCfg = Debug|Any CPU
		{762480C7-F12D-475E-A4AC-47978D33FAF9}.Debug|Mixed Platforms.Build.0 = Debug|Any CPU
		{762480C7-F12D-475E-A4AC-47978D33FAF9}.Debug|x86.ActiveCfg = Debug|Any CPU
		{762480C7-F12D-475E-A4AC-47978D33FAF9}.Release|Any CPU.ActiveCfg = Release|Any CPU
		{762480C7-F12D-475E-A4AC-47978D33FAF9}.Release|Any CPU.Build.0 = Release|Any CPU
		{762480C7-F12D-475E-A4AC-47978D33FAF9}.Release|Mixed Platforms.ActiveCfg = Release|Any CPU
		{762480C7-F12D-475E-A4AC-47978D33FAF9}.Release|Mixed Platforms.Build.0 = Release|Any CPU
		{762480C7-F12D-475E-A4AC-47978D33FAF9}.Release|x86.ActiveCfg = Release|Any CPU
		{CF0856FD-3258-455A-A236-7025968BB639}.Debug|Any CPU.ActiveCfg = Debug|Any CPU
		{CF0856FD-3258-455A-A236-7025968BB639}.Debug|Any CPU.Build.0 = Debug|Any CPU
		{CF0856FD-3258-455A-A236-7025968BB639}.Debug|Mixed Platforms.ActiveCfg = Debug|Any CPU
		{CF0856FD-3258-455A-A236-7025968BB639}.Debug|Mixed Platforms.Build.0 = Debug|Any CPU
		{CF0856FD-3258-455A-A236-7025968BB639}.Debug|x86.ActiveCfg = Debug|Any CPU
		{CF0856FD-3258-455A-A236-7025968BB639}.Release|Any CPU.ActiveCfg = Release|Any CPU
		{CF0856FD-3258-455A-A236-7025968BB639}.Release|Any CPU.Build.0 = Release|Any CPU
		{CF0856FD-3258-455A-A236-7025968BB639}.Release|Mixed Platforms.ActiveCfg = Release|Any CPU
		{CF0856FD-3258-455A-A236-7025968BB639}.Release|Mixed Platforms.Build.0 = Release|Any CPU
		{CF0856FD-3258-455A-A236-7025968BB639}.Release|x86.ActiveCfg = Release|Any CPU
		{BF6E1D17-5502-467D-92A6-29E92F4BFA7E}.Debug|Any CPU.ActiveCfg = Debug|Any CPU
		{BF6E1D17-5502-467D-92A6-29E92F4BFA7E}.Debug|Any CPU.Build.0 = Debug|Any CPU
		{BF6E1D17-5502-467D-92A6-29E92F4BFA7E}.Debug|Mixed Platforms.ActiveCfg = Debug|Any CPU
		{BF6E1D17-5502-467D-92A6-29E92F4BFA7E}.Debug|Mixed Platforms.Build.0 = Debug|Any CPU
		{BF6E1D17-5502-467D-92A6-29E92F4BFA7E}.Debug|x86.ActiveCfg = Debug|Any CPU
		{BF6E1D17-5502-467D-92A6-29E92F4BFA7E}.Release|Any CPU.ActiveCfg = Release|Any CPU
		{BF6E1D17-5502-467D-92A6-29E92F4BFA7E}.Release|Any CPU.Build.0 = Release|Any CPU
		{BF6E1D17-5502-467D-92A6-29E92F4BFA7E}.Release|Mixed Platforms.ActiveCfg = Release|Any CPU
		{BF6E1D17-5502-467D-92A6-29E92F4BFA7E}.Release|Mixed Platforms.Build.0 = Release|Any CPU
		{BF6E1D17-5502-467D-92A6-29E92F4BFA7E}.Release|x86.ActiveCfg = Release|Any CPU
	EndGlobalSection
	GlobalSection(SolutionProperties) = preSolution
		HideSolutionNode = FALSE
	EndGlobalSection
EndGlobal
