
Microsoft Visual Studio Solution File, Format Version 11.00
# Visual Studio 2010
Project("{F2A71F9B-5D33-465A-A702-920D77279786}") = "frack", "src\core\frack.fsproj", "{06DBE12F-D4BE-40C4-86D8-81F0202DACC2}"
EndProject
Project("{F2A71F9B-5D33-465A-A702-920D77279786}") = "frack.aspnet", "src\aspnet\frack.aspnet.fsproj", "{BAA877B9-B5D3-4547-9FDE-44953F6BEEAA}"
EndProject
Global
	GlobalSection(SolutionConfigurationPlatforms) = preSolution
		Debug|Any CPU = Debug|Any CPU
		Debug|Mixed Platforms = Debug|Mixed Platforms
		Debug|x86 = Debug|x86
		Release|Any CPU = Release|Any CPU
		Release|Mixed Platforms = Release|Mixed Platforms
		Release|x86 = Release|x86
	EndGlobalSection
	GlobalSection(ProjectConfigurationPlatforms) = postSolution
		{06DBE12F-D4BE-40C4-86D8-81F0202DACC2}.Debug|Any CPU.ActiveCfg = Debug|Any CPU
		{06DBE12F-D4BE-40C4-86D8-81F0202DACC2}.Debug|Any CPU.Build.0 = Debug|Any CPU
		{06DBE12F-D4BE-40C4-86D8-81F0202DACC2}.Debug|Mixed Platforms.ActiveCfg = Debug|Any CPU
		{06DBE12F-D4BE-40C4-86D8-81F0202DACC2}.Debug|Mixed Platforms.Build.0 = Debug|Any CPU
		{06DBE12F-D4BE-40C4-86D8-81F0202DACC2}.Debug|x86.ActiveCfg = Debug|Any CPU
		{06DBE12F-D4BE-40C4-86D8-81F0202DACC2}.Release|Any CPU.ActiveCfg = Release|Any CPU
		{06DBE12F-D4BE-40C4-86D8-81F0202DACC2}.Release|Any CPU.Build.0 = Release|Any CPU
		{06DBE12F-D4BE-40C4-86D8-81F0202DACC2}.Release|Mixed Platforms.ActiveCfg = Release|Any CPU
		{06DBE12F-D4BE-40C4-86D8-81F0202DACC2}.Release|Mixed Platforms.Build.0 = Release|Any CPU
		{06DBE12F-D4BE-40C4-86D8-81F0202DACC2}.Release|x86.ActiveCfg = Release|Any CPU
		{BAA877B9-B5D3-4547-9FDE-44953F6BEEAA}.Debug|Any CPU.ActiveCfg = Debug|Any CPU
		{BAA877B9-B5D3-4547-9FDE-44953F6BEEAA}.Debug|Any CPU.Build.0 = Debug|Any CPU
		{BAA877B9-B5D3-4547-9FDE-44953F6BEEAA}.Debug|Mixed Platforms.ActiveCfg = Debug|Any CPU
		{BAA877B9-B5D3-4547-9FDE-44953F6BEEAA}.Debug|Mixed Platforms.Build.0 = Debug|Any CPU
		{BAA877B9-B5D3-4547-9FDE-44953F6BEEAA}.Debug|x86.ActiveCfg = Debug|Any CPU
		{BAA877B9-B5D3-4547-9FDE-44953F6BEEAA}.Release|Any CPU.ActiveCfg = Release|Any CPU
		{BAA877B9-B5D3-4547-9FDE-44953F6BEEAA}.Release|Any CPU.Build.0 = Release|Any CPU
		{BAA877B9-B5D3-4547-9FDE-44953F6BEEAA}.Release|Mixed Platforms.ActiveCfg = Release|Any CPU
		{BAA877B9-B5D3-4547-9FDE-44953F6BEEAA}.Release|Mixed Platforms.Build.0 = Release|Any CPU
		{BAA877B9-B5D3-4547-9FDE-44953F6BEEAA}.Release|x86.ActiveCfg = Release|Any CPU
	EndGlobalSection
	GlobalSection(SolutionProperties) = preSolution
		HideSolutionNode = FALSE
	EndGlobalSection
EndGlobal
