
Microsoft Visual Studio Solution File, Format Version 12.00
# Visual Studio 2012
Project("{2150E333-8FDC-42A3-9474-1A3956D46DE8}") = ".nuget", ".nuget", "{0E4239AC-B601-4FF1-A703-AC0E3A7E9AC6}"
	ProjectSection(SolutionItems) = preProject
		.nuget\NuGet.Config = .nuget\NuGet.Config
		.nuget\NuGet.exe = .nuget\NuGet.exe
		.nuget\NuGet.targets = .nuget\NuGet.targets
		.nuget\packages.config = .nuget\packages.config
	EndProjectSection
EndProject
Project("{F2A71F9B-5D33-465A-A702-920D77279786}") = "SelfHost", "samples\SelfHost\SelfHost.fsproj", "{0EBC699E-0E13-4459-8A57-F7615EDE2DC7}"
EndProject
Project("{F2A71F9B-5D33-465A-A702-920D77279786}") = "WebApi", "samples\AspNetSamples\AspNetIntegration\App\WebApi.fsproj", "{AE975F69-FE55-4662-BF36-8B3E980245A1}"
EndProject
Global
	GlobalSection(SolutionConfigurationPlatforms) = preSolution
		Debug|Any CPU = Debug|Any CPU
		Debug|x86 = Debug|x86
		Release|Any CPU = Release|Any CPU
		Release|x86 = Release|x86
	EndGlobalSection
	GlobalSection(ProjectConfigurationPlatforms) = postSolution
		{0EBC699E-0E13-4459-8A57-F7615EDE2DC7}.Debug|Any CPU.ActiveCfg = Debug|x86
		{0EBC699E-0E13-4459-8A57-F7615EDE2DC7}.Debug|x86.ActiveCfg = Debug|x86
		{0EBC699E-0E13-4459-8A57-F7615EDE2DC7}.Debug|x86.Build.0 = Debug|x86
		{0EBC699E-0E13-4459-8A57-F7615EDE2DC7}.Release|Any CPU.ActiveCfg = Release|x86
		{0EBC699E-0E13-4459-8A57-F7615EDE2DC7}.Release|x86.ActiveCfg = Release|x86
		{0EBC699E-0E13-4459-8A57-F7615EDE2DC7}.Release|x86.Build.0 = Release|x86
		{AE975F69-FE55-4662-BF36-8B3E980245A1}.Debug|Any CPU.ActiveCfg = Debug|Any CPU
		{AE975F69-FE55-4662-BF36-8B3E980245A1}.Debug|Any CPU.Build.0 = Debug|Any CPU
		{AE975F69-FE55-4662-BF36-8B3E980245A1}.Debug|x86.ActiveCfg = Debug|Any CPU
		{AE975F69-FE55-4662-BF36-8B3E980245A1}.Release|Any CPU.ActiveCfg = Release|Any CPU
		{AE975F69-FE55-4662-BF36-8B3E980245A1}.Release|Any CPU.Build.0 = Release|Any CPU
		{AE975F69-FE55-4662-BF36-8B3E980245A1}.Release|x86.ActiveCfg = Release|Any CPU
	EndGlobalSection
	GlobalSection(SolutionProperties) = preSolution
		HideSolutionNode = FALSE
	EndGlobalSection
EndGlobal
