
Microsoft Visual Studio Solution File, Format Version 12.00
# Visual Studio 15
VisualStudioVersion = 15.0.26124.0
MinimumVisualStudioVersion = 15.0.26124.0
Project("{2150E333-8FDC-42A3-9474-1A3956D46DE8}") = "src", "src", "{E7FEC957-359E-4B20-B0C1-F93552F6701F}"
ProjectSection(SolutionItems) = preProject
	src\Directory.Build.props = src\Directory.Build.props
EndProjectSection
EndProject
Project("{F2A71F9B-5D33-465A-A702-920D77279786}") = "Frank", "src\Frank\Frank.fsproj", "{6B884F96-1AC1-4D94-B124-4E45802BC9CA}"
EndProject
Project("{2150E333-8FDC-42A3-9474-1A3956D46DE8}") = "sample", "sample", "{CADB8243-10BA-4F4D-915D-AE051D636EA0}"
EndProject
Project("{F2A71F9B-5D33-465A-A702-920D77279786}") = "Test", "sample\Test\Test.fsproj", "{49924647-356A-42C2-AE49-D4ACC50F4495}"
EndProject
Project("{F2A71F9B-5D33-465A-A702-920D77279786}") = "Frank.Giraffe", "sample\Frank.Giraffe\Frank.Giraffe.fsproj", "{8700B56D-98F9-437E-8904-CD300203D446}"
EndProject
Global
	GlobalSection(SolutionConfigurationPlatforms) = preSolution
		Debug|Any CPU = Debug|Any CPU
		Debug|x64 = Debug|x64
		Debug|x86 = Debug|x86
		Release|Any CPU = Release|Any CPU
		Release|x64 = Release|x64
		Release|x86 = Release|x86
	EndGlobalSection
	GlobalSection(SolutionProperties) = preSolution
		HideSolutionNode = FALSE
	EndGlobalSection
	GlobalSection(ProjectConfigurationPlatforms) = postSolution
		{6B884F96-1AC1-4D94-B124-4E45802BC9CA}.Debug|Any CPU.ActiveCfg = Debug|Any CPU
		{6B884F96-1AC1-4D94-B124-4E45802BC9CA}.Debug|Any CPU.Build.0 = Debug|Any CPU
		{6B884F96-1AC1-4D94-B124-4E45802BC9CA}.Debug|x64.ActiveCfg = Debug|Any CPU
		{6B884F96-1AC1-4D94-B124-4E45802BC9CA}.Debug|x64.Build.0 = Debug|Any CPU
		{6B884F96-1AC1-4D94-B124-4E45802BC9CA}.Debug|x86.ActiveCfg = Debug|Any CPU
		{6B884F96-1AC1-4D94-B124-4E45802BC9CA}.Debug|x86.Build.0 = Debug|Any CPU
		{6B884F96-1AC1-4D94-B124-4E45802BC9CA}.Release|Any CPU.ActiveCfg = Release|Any CPU
		{6B884F96-1AC1-4D94-B124-4E45802BC9CA}.Release|Any CPU.Build.0 = Release|Any CPU
		{6B884F96-1AC1-4D94-B124-4E45802BC9CA}.Release|x64.ActiveCfg = Release|Any CPU
		{6B884F96-1AC1-4D94-B124-4E45802BC9CA}.Release|x64.Build.0 = Release|Any CPU
		{6B884F96-1AC1-4D94-B124-4E45802BC9CA}.Release|x86.ActiveCfg = Release|Any CPU
		{6B884F96-1AC1-4D94-B124-4E45802BC9CA}.Release|x86.Build.0 = Release|Any CPU
		{49924647-356A-42C2-AE49-D4ACC50F4495}.Debug|Any CPU.ActiveCfg = Debug|Any CPU
		{49924647-356A-42C2-AE49-D4ACC50F4495}.Debug|Any CPU.Build.0 = Debug|Any CPU
		{49924647-356A-42C2-AE49-D4ACC50F4495}.Debug|x64.ActiveCfg = Debug|Any CPU
		{49924647-356A-42C2-AE49-D4ACC50F4495}.Debug|x64.Build.0 = Debug|Any CPU
		{49924647-356A-42C2-AE49-D4ACC50F4495}.Debug|x86.ActiveCfg = Debug|Any CPU
		{49924647-356A-42C2-AE49-D4ACC50F4495}.Debug|x86.Build.0 = Debug|Any CPU
		{49924647-356A-42C2-AE49-D4ACC50F4495}.Release|Any CPU.ActiveCfg = Release|Any CPU
		{49924647-356A-42C2-AE49-D4ACC50F4495}.Release|Any CPU.Build.0 = Release|Any CPU
		{49924647-356A-42C2-AE49-D4ACC50F4495}.Release|x64.ActiveCfg = Release|Any CPU
		{49924647-356A-42C2-AE49-D4ACC50F4495}.Release|x64.Build.0 = Release|Any CPU
		{49924647-356A-42C2-AE49-D4ACC50F4495}.Release|x86.ActiveCfg = Release|Any CPU
		{49924647-356A-42C2-AE49-D4ACC50F4495}.Release|x86.Build.0 = Release|Any CPU
		{8700B56D-98F9-437E-8904-CD300203D446}.Debug|Any CPU.ActiveCfg = Debug|Any CPU
		{8700B56D-98F9-437E-8904-CD300203D446}.Debug|Any CPU.Build.0 = Debug|Any CPU
		{8700B56D-98F9-437E-8904-CD300203D446}.Debug|x64.ActiveCfg = Debug|Any CPU
		{8700B56D-98F9-437E-8904-CD300203D446}.Debug|x64.Build.0 = Debug|Any CPU
		{8700B56D-98F9-437E-8904-CD300203D446}.Debug|x86.ActiveCfg = Debug|Any CPU
		{8700B56D-98F9-437E-8904-CD300203D446}.Debug|x86.Build.0 = Debug|Any CPU
		{8700B56D-98F9-437E-8904-CD300203D446}.Release|Any CPU.ActiveCfg = Release|Any CPU
		{8700B56D-98F9-437E-8904-CD300203D446}.Release|Any CPU.Build.0 = Release|Any CPU
		{8700B56D-98F9-437E-8904-CD300203D446}.Release|x64.ActiveCfg = Release|Any CPU
		{8700B56D-98F9-437E-8904-CD300203D446}.Release|x64.Build.0 = Release|Any CPU
		{8700B56D-98F9-437E-8904-CD300203D446}.Release|x86.ActiveCfg = Release|Any CPU
		{8700B56D-98F9-437E-8904-CD300203D446}.Release|x86.Build.0 = Release|Any CPU
	EndGlobalSection
	GlobalSection(NestedProjects) = preSolution
		{6B884F96-1AC1-4D94-B124-4E45802BC9CA} = {E7FEC957-359E-4B20-B0C1-F93552F6701F}
		{49924647-356A-42C2-AE49-D4ACC50F4495} = {CADB8243-10BA-4F4D-915D-AE051D636EA0}
		{8700B56D-98F9-437E-8904-CD300203D446} = {CADB8243-10BA-4F4D-915D-AE051D636EA0}
	EndGlobalSection
EndGlobal
