
Microsoft Visual Studio Solution File, Format Version 11.00
# Visual Studio 2010
Project("{2150E333-8FDC-42A3-9474-1A3956D46DE8}") = "Solution Items", "Solution Items", "{F865DBAF-33B2-433A-BEB8-CE6B2441EAD3}"
	ProjectSection(SolutionItems) = preProject
		build.bat = build.bat
		build.fsx = build.fsx
		LICENSE.txt = LICENSE.txt
		README.md = README.md
	EndProjectSection
EndProject
Project("{F2A71F9B-5D33-465A-A702-920D77279786}") = "frank", "src\frank.fsproj", "{E1AFD786-27AE-4834-87FD-A18412DE9715}"
EndProject
Project("{F2A71F9B-5D33-465A-A702-920D77279786}") = "FSharp.Monad", "lib\FSharp.Monad\src\FSharp.Monad.fsproj", "{1E95A279-C2A9-498B-BC72-6E7A0D6854CE}"
EndProject
Project("{2150E333-8FDC-42A3-9474-1A3956D46DE8}") = "lib", "lib", "{9DDFDADE-1A0A-4BB5-9013-0FF7A6770F23}"
EndProject
Project("{F2A71F9B-5D33-465A-A702-920D77279786}") = "frack", "lib\frack\src\core\frack.fsproj", "{06DBE12F-D4BE-40C4-86D8-81F0202DACC2}"
EndProject
Project("{F2A71F9B-5D33-465A-A702-920D77279786}") = "Frack.AspNet", "lib\frack\src\Frack.AspNet\Frack.AspNet.fsproj", "{762480C7-F12D-475E-A4AC-47978D33FAF9}"
EndProject
Project("{F2A71F9B-5D33-465A-A702-920D77279786}") = "Frack.HttpListener", "lib\frack\src\Frack.HttpListener\Frack.HttpListener.fsproj", "{CF0856FD-3258-455A-A236-7025968BB639}"
EndProject
Project("{F2A71F9B-5D33-465A-A702-920D77279786}") = "Frack.Kayak", "lib\frack\src\Frack.Kayak\Frack.Kayak.fsproj", "{BF6E1D17-5502-467D-92A6-29E92F4BFA7E}"
EndProject
Global
	GlobalSection(SolutionConfigurationPlatforms) = preSolution
		Debug|Any CPU = Debug|Any CPU
		Release|Any CPU = Release|Any CPU
	EndGlobalSection
	GlobalSection(ProjectConfigurationPlatforms) = postSolution
		{E1AFD786-27AE-4834-87FD-A18412DE9715}.Debug|Any CPU.ActiveCfg = Debug|Any CPU
		{E1AFD786-27AE-4834-87FD-A18412DE9715}.Debug|Any CPU.Build.0 = Debug|Any CPU
		{E1AFD786-27AE-4834-87FD-A18412DE9715}.Release|Any CPU.ActiveCfg = Release|Any CPU
		{E1AFD786-27AE-4834-87FD-A18412DE9715}.Release|Any CPU.Build.0 = Release|Any CPU
		{1E95A279-C2A9-498B-BC72-6E7A0D6854CE}.Debug|Any CPU.ActiveCfg = Debug|Any CPU
		{1E95A279-C2A9-498B-BC72-6E7A0D6854CE}.Debug|Any CPU.Build.0 = Debug|Any CPU
		{1E95A279-C2A9-498B-BC72-6E7A0D6854CE}.Release|Any CPU.ActiveCfg = Release|Any CPU
		{1E95A279-C2A9-498B-BC72-6E7A0D6854CE}.Release|Any CPU.Build.0 = Release|Any CPU
		{06DBE12F-D4BE-40C4-86D8-81F0202DACC2}.Debug|Any CPU.ActiveCfg = Debug|Any CPU
		{06DBE12F-D4BE-40C4-86D8-81F0202DACC2}.Debug|Any CPU.Build.0 = Debug|Any CPU
		{06DBE12F-D4BE-40C4-86D8-81F0202DACC2}.Release|Any CPU.ActiveCfg = Release|Any CPU
		{06DBE12F-D4BE-40C4-86D8-81F0202DACC2}.Release|Any CPU.Build.0 = Release|Any CPU
		{762480C7-F12D-475E-A4AC-47978D33FAF9}.Debug|Any CPU.ActiveCfg = Debug|Any CPU
		{762480C7-F12D-475E-A4AC-47978D33FAF9}.Debug|Any CPU.Build.0 = Debug|Any CPU
		{762480C7-F12D-475E-A4AC-47978D33FAF9}.Release|Any CPU.ActiveCfg = Release|Any CPU
		{762480C7-F12D-475E-A4AC-47978D33FAF9}.Release|Any CPU.Build.0 = Release|Any CPU
		{CF0856FD-3258-455A-A236-7025968BB639}.Debug|Any CPU.ActiveCfg = Debug|Any CPU
		{CF0856FD-3258-455A-A236-7025968BB639}.Debug|Any CPU.Build.0 = Debug|Any CPU
		{CF0856FD-3258-455A-A236-7025968BB639}.Release|Any CPU.ActiveCfg = Release|Any CPU
		{CF0856FD-3258-455A-A236-7025968BB639}.Release|Any CPU.Build.0 = Release|Any CPU
		{BF6E1D17-5502-467D-92A6-29E92F4BFA7E}.Debug|Any CPU.ActiveCfg = Debug|Any CPU
		{BF6E1D17-5502-467D-92A6-29E92F4BFA7E}.Debug|Any CPU.Build.0 = Debug|Any CPU
		{BF6E1D17-5502-467D-92A6-29E92F4BFA7E}.Release|Any CPU.ActiveCfg = Release|Any CPU
		{BF6E1D17-5502-467D-92A6-29E92F4BFA7E}.Release|Any CPU.Build.0 = Release|Any CPU
	EndGlobalSection
	GlobalSection(SolutionProperties) = preSolution
		HideSolutionNode = FALSE
	EndGlobalSection
	GlobalSection(NestedProjects) = preSolution
		{1E95A279-C2A9-498B-BC72-6E7A0D6854CE} = {9DDFDADE-1A0A-4BB5-9013-0FF7A6770F23}
		{06DBE12F-D4BE-40C4-86D8-81F0202DACC2} = {9DDFDADE-1A0A-4BB5-9013-0FF7A6770F23}
		{762480C7-F12D-475E-A4AC-47978D33FAF9} = {9DDFDADE-1A0A-4BB5-9013-0FF7A6770F23}
		{CF0856FD-3258-455A-A236-7025968BB639} = {9DDFDADE-1A0A-4BB5-9013-0FF7A6770F23}
		{BF6E1D17-5502-467D-92A6-29E92F4BFA7E} = {9DDFDADE-1A0A-4BB5-9013-0FF7A6770F23}
	EndGlobalSection
EndGlobal
