
Microsoft Visual Studio Solution File, Format Version 12.00
# Visual Studio 2012
Project("{2150E333-8FDC-42A3-9474-1A3956D46DE8}") = "Solution Items", "Solution Items", "{B8E01199-E214-4775-A731-6923932BE7B1}"
	ProjectSection(SolutionItems) = preProject
		build.bat = build.bat
		build.fsx = build.fsx
		build.sh = build.sh
		frank.nuspec = frank.nuspec
		LICENSE.txt = LICENSE.txt
		mono-build.sh = mono-build.sh
		README.md = README.md
		template.html = template.html
	EndProjectSection
EndProject
Project("{F2A71F9B-5D33-465A-A702-920D77279786}") = "Frank", "src\Frank.fsproj", "{06DBE12F-D4BE-40C4-86D8-81F0202DACC2}"
EndProject
Project("{2150E333-8FDC-42A3-9474-1A3956D46DE8}") = "Samples", "Samples", "{C38FB85D-B510-4EF0-B4BA-0A5133FD3A11}"
	ProjectSection(SolutionItems) = preProject
		samples\HelloWorld.fsx = samples\HelloWorld.fsx
	EndProjectSection
EndProject
Project("{F2A71F9B-5D33-465A-A702-920D77279786}") = "SelfHost", "samples\SelfHost\SelfHost.fsproj", "{0EBC699E-0E13-4459-8A57-F7615EDE2DC7}"
EndProject
Project("{2150E333-8FDC-42A3-9474-1A3956D46DE8}") = "AspNetIntegration", "AspNetIntegration", "{79EE56A5-A31B-4841-975C-400A7EFCE4AC}"
EndProject
Project("{F2A71F9B-5D33-465A-A702-920D77279786}") = "App", "samples\AspNetSamples\AspNetIntegration\App\App.fsproj", "{AE975F69-FE55-4662-BF36-8B3E980245A1}"
EndProject
Project("{FAE04EC0-301F-11D3-BF4B-00C04F79EFBC}") = "WebApi", "samples\AspNetSamples\AspNetIntegration\WebApi\WebApi.csproj", "{8D433C51-951B-47D5-8525-25D2BD044C40}"
EndProject
Project("{2150E333-8FDC-42A3-9474-1A3956D46DE8}") = ".nuget", ".nuget", "{0E4239AC-B601-4FF1-A703-AC0E3A7E9AC6}"
	ProjectSection(SolutionItems) = preProject
		.nuget\NuGet.exe = .nuget\NuGet.exe
		.nuget\NuGet.targets = .nuget\NuGet.targets
		.nuget\packages.config = .nuget\packages.config
	EndProjectSection
EndProject
Global
	GlobalSection(SolutionConfigurationPlatforms) = preSolution
		Debug|Any CPU = Debug|Any CPU
		Debug|Mixed Platforms = Debug|Mixed Platforms
		Debug|x86 = Debug|x86
		Release|Any CPU = Release|Any CPU
		Release|Mixed Platforms = Release|Mixed Platforms
		Release|x86 = Release|x86
	EndGlobalSection
	GlobalSection(ProjectConfigurationPlatforms) = postSolution
		{06DBE12F-D4BE-40C4-86D8-81F0202DACC2}.Debug|Any CPU.ActiveCfg = Debug|Any CPU
		{06DBE12F-D4BE-40C4-86D8-81F0202DACC2}.Debug|Any CPU.Build.0 = Debug|Any CPU
		{06DBE12F-D4BE-40C4-86D8-81F0202DACC2}.Debug|Mixed Platforms.ActiveCfg = Debug|Any CPU
		{06DBE12F-D4BE-40C4-86D8-81F0202DACC2}.Debug|Mixed Platforms.Build.0 = Debug|Any CPU
		{06DBE12F-D4BE-40C4-86D8-81F0202DACC2}.Debug|x86.ActiveCfg = Debug|Any CPU
		{06DBE12F-D4BE-40C4-86D8-81F0202DACC2}.Release|Any CPU.ActiveCfg = Release|Any CPU
		{06DBE12F-D4BE-40C4-86D8-81F0202DACC2}.Release|Any CPU.Build.0 = Release|Any CPU
		{06DBE12F-D4BE-40C4-86D8-81F0202DACC2}.Release|Mixed Platforms.ActiveCfg = Release|Any CPU
		{06DBE12F-D4BE-40C4-86D8-81F0202DACC2}.Release|Mixed Platforms.Build.0 = Release|Any CPU
		{06DBE12F-D4BE-40C4-86D8-81F0202DACC2}.Release|x86.ActiveCfg = Release|Any CPU
		{0EBC699E-0E13-4459-8A57-F7615EDE2DC7}.Debug|Any CPU.ActiveCfg = Debug|x86
		{0EBC699E-0E13-4459-8A57-F7615EDE2DC7}.Debug|Mixed Platforms.ActiveCfg = Debug|x86
		{0EBC699E-0E13-4459-8A57-F7615EDE2DC7}.Debug|Mixed Platforms.Build.0 = Debug|x86
		{0EBC699E-0E13-4459-8A57-F7615EDE2DC7}.Debug|x86.ActiveCfg = Debug|x86
		{0EBC699E-0E13-4459-8A57-F7615EDE2DC7}.Debug|x86.Build.0 = Debug|x86
		{0EBC699E-0E13-4459-8A57-F7615EDE2DC7}.Release|Any CPU.ActiveCfg = Release|x86
		{0EBC699E-0E13-4459-8A57-F7615EDE2DC7}.Release|Mixed Platforms.ActiveCfg = Release|x86
		{0EBC699E-0E13-4459-8A57-F7615EDE2DC7}.Release|Mixed Platforms.Build.0 = Release|x86
		{0EBC699E-0E13-4459-8A57-F7615EDE2DC7}.Release|x86.ActiveCfg = Release|x86
		{0EBC699E-0E13-4459-8A57-F7615EDE2DC7}.Release|x86.Build.0 = Release|x86
		{AE975F69-FE55-4662-BF36-8B3E980245A1}.Debug|Any CPU.ActiveCfg = Debug|Any CPU
		{AE975F69-FE55-4662-BF36-8B3E980245A1}.Debug|Any CPU.Build.0 = Debug|Any CPU
		{AE975F69-FE55-4662-BF36-8B3E980245A1}.Debug|Mixed Platforms.ActiveCfg = Debug|Any CPU
		{AE975F69-FE55-4662-BF36-8B3E980245A1}.Debug|Mixed Platforms.Build.0 = Debug|Any CPU
		{AE975F69-FE55-4662-BF36-8B3E980245A1}.Debug|x86.ActiveCfg = Debug|Any CPU
		{AE975F69-FE55-4662-BF36-8B3E980245A1}.Release|Any CPU.ActiveCfg = Release|Any CPU
		{AE975F69-FE55-4662-BF36-8B3E980245A1}.Release|Any CPU.Build.0 = Release|Any CPU
		{AE975F69-FE55-4662-BF36-8B3E980245A1}.Release|Mixed Platforms.ActiveCfg = Release|Any CPU
		{AE975F69-FE55-4662-BF36-8B3E980245A1}.Release|Mixed Platforms.Build.0 = Release|Any CPU
		{AE975F69-FE55-4662-BF36-8B3E980245A1}.Release|x86.ActiveCfg = Release|Any CPU
		{8D433C51-951B-47D5-8525-25D2BD044C40}.Debug|Any CPU.ActiveCfg = Debug|Any CPU
		{8D433C51-951B-47D5-8525-25D2BD044C40}.Debug|Any CPU.Build.0 = Debug|Any CPU
		{8D433C51-951B-47D5-8525-25D2BD044C40}.Debug|Mixed Platforms.ActiveCfg = Debug|Any CPU
		{8D433C51-951B-47D5-8525-25D2BD044C40}.Debug|Mixed Platforms.Build.0 = Debug|Any CPU
		{8D433C51-951B-47D5-8525-25D2BD044C40}.Debug|x86.ActiveCfg = Debug|Any CPU
		{8D433C51-951B-47D5-8525-25D2BD044C40}.Release|Any CPU.ActiveCfg = Release|Any CPU
		{8D433C51-951B-47D5-8525-25D2BD044C40}.Release|Any CPU.Build.0 = Release|Any CPU
		{8D433C51-951B-47D5-8525-25D2BD044C40}.Release|Mixed Platforms.ActiveCfg = Release|Any CPU
		{8D433C51-951B-47D5-8525-25D2BD044C40}.Release|Mixed Platforms.Build.0 = Release|Any CPU
		{8D433C51-951B-47D5-8525-25D2BD044C40}.Release|x86.ActiveCfg = Release|Any CPU
	EndGlobalSection
	GlobalSection(SolutionProperties) = preSolution
		HideSolutionNode = FALSE
	EndGlobalSection
	GlobalSection(NestedProjects) = preSolution
		{0EBC699E-0E13-4459-8A57-F7615EDE2DC7} = {C38FB85D-B510-4EF0-B4BA-0A5133FD3A11}
		{79EE56A5-A31B-4841-975C-400A7EFCE4AC} = {C38FB85D-B510-4EF0-B4BA-0A5133FD3A11}
		{AE975F69-FE55-4662-BF36-8B3E980245A1} = {79EE56A5-A31B-4841-975C-400A7EFCE4AC}
		{8D433C51-951B-47D5-8525-25D2BD044C40} = {79EE56A5-A31B-4841-975C-400A7EFCE4AC}
	EndGlobalSection
EndGlobal
